
Microsoft Visual Studio Solution File, Format Version 12.00
# Visual Studio 15
VisualStudioVersion = 15.0.28307.1401
MinimumVisualStudioVersion = 10.0.40219.1
Project("{FAE04EC0-301F-11D3-BF4B-00C04F79EFBC}") = "ByteBankImportacaoExportacao", "ByteBankImportacaoExportacao\ByteBankImportacaoExportacao.csproj", "{B40A6046-5CDF-4058-B2C6-AE5DBCCC707F}"
EndProject
Global
	GlobalSection(SolutionConfigurationPlatforms) = preSolution
		Debug|Any CPU = Debug|Any CPU
		Release|Any CPU = Release|Any CPU
	EndGlobalSection
	GlobalSection(ProjectConfigurationPlatforms) = postSolution
		{B40A6046-5CDF-4058-B2C6-AE5DBCCC707F}.Debug|Any CPU.ActiveCfg = Debug|Any CPU
		{B40A6046-5CDF-4058-B2C6-AE5DBCCC707F}.Debug|Any CPU.Build.0 = Debug|Any CPU
		{B40A6046-5CDF-4058-B2C6-AE5DBCCC707F}.Release|Any CPU.ActiveCfg = Release|Any CPU
		{B40A6046-5CDF-4058-B2C6-AE5DBCCC707F}.Release|Any CPU.Build.0 = Release|Any CPU
	EndGlobalSection
	GlobalSection(SolutionProperties) = preSolution
		HideSolutionNode = FALSE
	EndGlobalSection
	GlobalSection(ExtensibilityGlobals) = postSolution
		SolutionGuid = {8D00F362-AA3D-4111-8264-58BF1DE5802F}
	EndGlobalSection
EndGlobal
